
Microsoft Visual Studio Solution File, Format Version 12.00
# Visual Studio Version 17
VisualStudioVersion = 17.3.32922.545
MinimumVisualStudioVersion = 10.0.40219.1
Project("{FAE04EC0-301F-11D3-BF4B-00C04F79EFBC}") = "ClassGeneratorTest", "ClassGeneratorTest\ClassGeneratorTest.csproj", "{3DF03E75-A769-49C5-8F15-96DFF81906BA}"
EndProject
Project("{FAE04EC0-301F-11D3-BF4B-00C04F79EFBC}") = "ClassGeneratorTestTests", "ClassGeneratorTestTests\ClassGeneratorTestTests.csproj", "{6C35F2BA-CC57-42B7-9EEE-8D4B84D99A14}"
EndProject
Global
	GlobalSection(SolutionConfigurationPlatforms) = preSolution
		Debug|Any CPU = Debug|Any CPU
		Release|Any CPU = Release|Any CPU
	EndGlobalSection
	GlobalSection(ProjectConfigurationPlatforms) = postSolution
		{3DF03E75-A769-49C5-8F15-96DFF81906BA}.Debug|Any CPU.ActiveCfg = Debug|Any CPU
		{3DF03E75-A769-49C5-8F15-96DFF81906BA}.Debug|Any CPU.Build.0 = Debug|Any CPU
		{3DF03E75-A769-49C5-8F15-96DFF81906BA}.Release|Any CPU.ActiveCfg = Release|Any CPU
		{3DF03E75-A769-49C5-8F15-96DFF81906BA}.Release|Any CPU.Build.0 = Release|Any CPU
		{6C35F2BA-CC57-42B7-9EEE-8D4B84D99A14}.Debug|Any CPU.ActiveCfg = Debug|Any CPU
		{6C35F2BA-CC57-42B7-9EEE-8D4B84D99A14}.Debug|Any CPU.Build.0 = Debug|Any CPU
		{6C35F2BA-CC57-42B7-9EEE-8D4B84D99A14}.Release|Any CPU.ActiveCfg = Release|Any CPU
		{6C35F2BA-CC57-42B7-9EEE-8D4B84D99A14}.Release|Any CPU.Build.0 = Release|Any CPU
	EndGlobalSection
	GlobalSection(SolutionProperties) = preSolution
		HideSolutionNode = FALSE
	EndGlobalSection
	GlobalSection(ExtensibilityGlobals) = postSolution
		SolutionGuid = {873C8BC3-2C55-40C3-A21B-A36E1E7B9A34}
	EndGlobalSection
EndGlobal
